// !$*UTF8*$!
{
	archiveVersion = 1;
	classes = {
	};
	objectVersion = 50;
	objects = {

/* Begin PBXBuildFile section */
		483ACD7F21F6132E00165704 /* AppDelegate.swift in Sources */ = {isa = PBXBuildFile; fileRef = 483ACD7E21F6132E00165704 /* AppDelegate.swift */; };
		483ACD8121F6132E00165704 /* ViewController.swift in Sources */ = {isa = PBXBuildFile; fileRef = 483ACD8021F6132E00165704 /* ViewController.swift */; };
		483ACD8421F6132E00165704 /* Main.storyboard in Resources */ = {isa = PBXBuildFile; fileRef = 483ACD8221F6132E00165704 /* Main.storyboard */; };
		483ACD8621F6132F00165704 /* Assets.xcassets in Resources */ = {isa = PBXBuildFile; fileRef = 483ACD8521F6132F00165704 /* Assets.xcassets */; };
		483ACD8921F6132F00165704 /* LaunchScreen.storyboard in Resources */ = {isa = PBXBuildFile; fileRef = 483ACD8721F6132F00165704 /* LaunchScreen.storyboard */; };
		483ACD9421F6132F00165704 /* ImagePickerDemoTests.swift in Sources */ = {isa = PBXBuildFile; fileRef = 483ACD9321F6132F00165704 /* ImagePickerDemoTests.swift */; };
		483ACD9F21F6132F00165704 /* ImagePickerDemoUITests.swift in Sources */ = {isa = PBXBuildFile; fileRef = 483ACD9E21F6132F00165704 /* ImagePickerDemoUITests.swift */; };
		483ACDAD21F6144500165704 /* TableViewCell.swift in Sources */ = {isa = PBXBuildFile; fileRef = 483ACDAC21F6144500165704 /* TableViewCell.swift */; };
/* End PBXBuildFile section */

/* Begin PBXContainerItemProxy section */
		483ACD9021F6132F00165704 /* PBXContainerItemProxy */ = {
			isa = PBXContainerItemProxy;
			containerPortal = 483ACD7321F6132E00165704 /* Project object */;
			proxyType = 1;
			remoteGlobalIDString = 483ACD7A21F6132E00165704;
			remoteInfo = ImagePickerDemo;
		};
		483ACD9B21F6132F00165704 /* PBXContainerItemProxy */ = {
			isa = PBXContainerItemProxy;
			containerPortal = 483ACD7321F6132E00165704 /* Project object */;
			proxyType = 1;
			remoteGlobalIDString = 483ACD7A21F6132E00165704;
			remoteInfo = ImagePickerDemo;
		};
/* End PBXContainerItemProxy section */

/* Begin PBXFileReference section */
		483ACD7B21F6132E00165704 /* ImagePickerDemo.app */ = {isa = PBXFileReference; explicitFileType = wrapper.application; includeInIndex = 0; path = ImagePickerDemo.app; sourceTree = BUILT_PRODUCTS_DIR; };
		483ACD7E21F6132E00165704 /* AppDelegate.swift */ = {isa = PBXFileReference; lastKnownFileType = sourcecode.swift; path = AppDelegate.swift; sourceTree = "<group>"; };
		483ACD8021F6132E00165704 /* ViewController.swift */ = {isa = PBXFileReference; lastKnownFileType = sourcecode.swift; path = ViewController.swift; sourceTree = "<group>"; };
		483ACD8321F6132E00165704 /* Base */ = {isa = PBXFileReference; lastKnownFileType = file.storyboard; name = Base; path = Base.lproj/Main.storyboard; sourceTree = "<group>"; };
		483ACD8521F6132F00165704 /* Assets.xcassets */ = {isa = PBXFileReference; lastKnownFileType = folder.assetcatalog; path = Assets.xcassets; sourceTree = "<group>"; };
		483ACD8821F6132F00165704 /* Base */ = {isa = PBXFileReference; lastKnownFileType = file.storyboard; name = Base; path = Base.lproj/LaunchScreen.storyboard; sourceTree = "<group>"; };
		483ACD8A21F6132F00165704 /* Info.plist */ = {isa = PBXFileReference; lastKnownFileType = text.plist.xml; path = Info.plist; sourceTree = "<group>"; };
		483ACD8F21F6132F00165704 /* ImagePickerDemoTests.xctest */ = {isa = PBXFileReference; explicitFileType = wrapper.cfbundle; includeInIndex = 0; path = ImagePickerDemoTests.xctest; sourceTree = BUILT_PRODUCTS_DIR; };
		483ACD9321F6132F00165704 /* ImagePickerDemoTests.swift */ = {isa = PBXFileReference; lastKnownFileType = sourcecode.swift; path = ImagePickerDemoTests.swift; sourceTree = "<group>"; };
		483ACD9521F6132F00165704 /* Info.plist */ = {isa = PBXFileReference; lastKnownFileType = text.plist.xml; path = Info.plist; sourceTree = "<group>"; };
		483ACD9A21F6132F00165704 /* ImagePickerDemoUITests.xctest */ = {isa = PBXFileReference; explicitFileType = wrapper.cfbundle; includeInIndex = 0; path = ImagePickerDemoUITests.xctest; sourceTree = BUILT_PRODUCTS_DIR; };
		483ACD9E21F6132F00165704 /* ImagePickerDemoUITests.swift */ = {isa = PBXFileReference; lastKnownFileType = sourcecode.swift; path = ImagePickerDemoUITests.swift; sourceTree = "<group>"; };
		483ACDA021F6132F00165704 /* Info.plist */ = {isa = PBXFileReference; lastKnownFileType = text.plist.xml; path = Info.plist; sourceTree = "<group>"; };
		483ACDAC21F6144500165704 /* TableViewCell.swift */ = {isa = PBXFileReference; lastKnownFileType = sourcecode.swift; path = TableViewCell.swift; sourceTree = "<group>"; };
/* End PBXFileReference section */

/* Begin PBXFrameworksBuildPhase section */
		483ACD7821F6132E00165704 /* Frameworks */ = {
			isa = PBXFrameworksBuildPhase;
			buildActionMask = 2147483647;
			files = (
			);
			runOnlyForDeploymentPostprocessing = 0;
		};
		483ACD8C21F6132F00165704 /* Frameworks */ = {
			isa = PBXFrameworksBuildPhase;
			buildActionMask = 2147483647;
			files = (
			);
			runOnlyForDeploymentPostprocessing = 0;
		};
		483ACD9721F6132F00165704 /* Frameworks */ = {
			isa = PBXFrameworksBuildPhase;
			buildActionMask = 2147483647;
			files = (
			);
			runOnlyForDeploymentPostprocessing = 0;
		};
/* End PBXFrameworksBuildPhase section */

/* Begin PBXGroup section */
		483ACD7221F6132E00165704 = {
			isa = PBXGroup;
			children = (
				483ACD7D21F6132E00165704 /* ImagePickerDemo */,
				483ACD9221F6132F00165704 /* ImagePickerDemoTests */,
				483ACD9D21F6132F00165704 /* ImagePickerDemoUITests */,
				483ACD7C21F6132E00165704 /* Products */,
			);
			sourceTree = "<group>";
		};
		483ACD7C21F6132E00165704 /* Products */ = {
			isa = PBXGroup;
			children = (
				483ACD7B21F6132E00165704 /* ImagePickerDemo.app */,
				483ACD8F21F6132F00165704 /* ImagePickerDemoTests.xctest */,
				483ACD9A21F6132F00165704 /* ImagePickerDemoUITests.xctest */,
			);
			name = Products;
			sourceTree = "<group>";
		};
		483ACD7D21F6132E00165704 /* ImagePickerDemo */ = {
			isa = PBXGroup;
			children = (
				483ACD7E21F6132E00165704 /* AppDelegate.swift */,
				483ACD8021F6132E00165704 /* ViewController.swift */,
				483ACDAC21F6144500165704 /* TableViewCell.swift */,
				483ACD8221F6132E00165704 /* Main.storyboard */,
				483ACD8521F6132F00165704 /* Assets.xcassets */,
				483ACD8721F6132F00165704 /* LaunchScreen.storyboard */,
				483ACD8A21F6132F00165704 /* Info.plist */,
			);
			path = ImagePickerDemo;
			sourceTree = "<group>";
		};
		483ACD9221F6132F00165704 /* ImagePickerDemoTests */ = {
			isa = PBXGroup;
			children = (
				483ACD9321F6132F00165704 /* ImagePickerDemoTests.swift */,
				483ACD9521F6132F00165704 /* Info.plist */,
			);
			path = ImagePickerDemoTests;
			sourceTree = "<group>";
		};
		483ACD9D21F6132F00165704 /* ImagePickerDemoUITests */ = {
			isa = PBXGroup;
			children = (
				483ACD9E21F6132F00165704 /* ImagePickerDemoUITests.swift */,
				483ACDA021F6132F00165704 /* Info.plist */,
			);
			path = ImagePickerDemoUITests;
			sourceTree = "<group>";
		};
/* End PBXGroup section */

/* Begin PBXNativeTarget section */
		483ACD7A21F6132E00165704 /* ImagePickerDemo */ = {
			isa = PBXNativeTarget;
			buildConfigurationList = 483ACDA321F6132F00165704 /* Build configuration list for PBXNativeTarget "ImagePickerDemo" */;
			buildPhases = (
				483ACD7721F6132E00165704 /* Sources */,
				483ACD7821F6132E00165704 /* Frameworks */,
				483ACD7921F6132E00165704 /* Resources */,
			);
			buildRules = (
			);
			dependencies = (
			);
			name = ImagePickerDemo;
			productName = ImagePickerDemo;
			productReference = 483ACD7B21F6132E00165704 /* ImagePickerDemo.app */;
			productType = "com.apple.product-type.application";
		};
		483ACD8E21F6132F00165704 /* ImagePickerDemoTests */ = {
			isa = PBXNativeTarget;
			buildConfigurationList = 483ACDA621F6132F00165704 /* Build configuration list for PBXNativeTarget "ImagePickerDemoTests" */;
			buildPhases = (
				483ACD8B21F6132F00165704 /* Sources */,
				483ACD8C21F6132F00165704 /* Frameworks */,
				483ACD8D21F6132F00165704 /* Resources */,
			);
			buildRules = (
			);
			dependencies = (
				483ACD9121F6132F00165704 /* PBXTargetDependency */,
			);
			name = ImagePickerDemoTests;
			productName = ImagePickerDemoTests;
			productReference = 483ACD8F21F6132F00165704 /* ImagePickerDemoTests.xctest */;
			productType = "com.apple.product-type.bundle.unit-test";
		};
		483ACD9921F6132F00165704 /* ImagePickerDemoUITests */ = {
			isa = PBXNativeTarget;
			buildConfigurationList = 483ACDA921F6132F00165704 /* Build configuration list for PBXNativeTarget "ImagePickerDemoUITests" */;
			buildPhases = (
				483ACD9621F6132F00165704 /* Sources */,
				483ACD9721F6132F00165704 /* Frameworks */,
				483ACD9821F6132F00165704 /* Resources */,
			);
			buildRules = (
			);
			dependencies = (
				483ACD9C21F6132F00165704 /* PBXTargetDependency */,
			);
			name = ImagePickerDemoUITests;
			productName = ImagePickerDemoUITests;
			productReference = 483ACD9A21F6132F00165704 /* ImagePickerDemoUITests.xctest */;
			productType = "com.apple.product-type.bundle.ui-testing";
		};
/* End PBXNativeTarget section */

/* Begin PBXProject section */
		483ACD7321F6132E00165704 /* Project object */ = {
			isa = PBXProject;
			attributes = {
				LastSwiftUpdateCheck = 1010;
				LastUpgradeCheck = 1010;
				ORGANIZATIONNAME = KimsStudio;
				TargetAttributes = {
					483ACD7A21F6132E00165704 = {
						CreatedOnToolsVersion = 10.1;
					};
					483ACD8E21F6132F00165704 = {
						CreatedOnToolsVersion = 10.1;
						TestTargetID = 483ACD7A21F6132E00165704;
					};
					483ACD9921F6132F00165704 = {
						CreatedOnToolsVersion = 10.1;
						TestTargetID = 483ACD7A21F6132E00165704;
					};
				};
			};
			buildConfigurationList = 483ACD7621F6132E00165704 /* Build configuration list for PBXProject "ImagePickerDemo" */;
			compatibilityVersion = "Xcode 9.3";
			developmentRegion = en;
			hasScannedForEncodings = 0;
			knownRegions = (
				en,
				Base,
			);
			mainGroup = 483ACD7221F6132E00165704;
			productRefGroup = 483ACD7C21F6132E00165704 /* Products */;
			projectDirPath = "";
			projectRoot = "";
			targets = (
				483ACD7A21F6132E00165704 /* ImagePickerDemo */,
				483ACD8E21F6132F00165704 /* ImagePickerDemoTests */,
				483ACD9921F6132F00165704 /* ImagePickerDemoUITests */,
			);
		};
/* End PBXProject section */

/* Begin PBXResourcesBuildPhase section */
		483ACD7921F6132E00165704 /* Resources */ = {
			isa = PBXResourcesBuildPhase;
			buildActionMask = 2147483647;
			files = (
				483ACD8921F6132F00165704 /* LaunchScreen.storyboard in Resources */,
				483ACD8621F6132F00165704 /* Assets.xcassets in Resources */,
				483ACD8421F6132E00165704 /* Main.storyboard in Resources */,
			);
			runOnlyForDeploymentPostprocessing = 0;
		};
		483ACD8D21F6132F00165704 /* Resources */ = {
			isa = PBXResourcesBuildPhase;
			buildActionMask = 2147483647;
			files = (
			);
			runOnlyForDeploymentPostprocessing = 0;
		};
		483ACD9821F6132F00165704 /* Resources */ = {
			isa = PBXResourcesBuildPhase;
			buildActionMask = 2147483647;
			files = (
			);
			runOnlyForDeploymentPostprocessing = 0;
		};
/* End PBXResourcesBuildPhase section */

/* Begin PBXSourcesBuildPhase section */
		483ACD7721F6132E00165704 /* Sources */ = {
			isa = PBXSourcesBuildPhase;
			buildActionMask = 2147483647;
			files = (
				483ACDAD21F6144500165704 /* TableViewCell.swift in Sources */,
				483ACD8121F6132E00165704 /* ViewController.swift in Sources */,
				483ACD7F21F6132E00165704 /* AppDelegate.swift in Sources */,
			);
			runOnlyForDeploymentPostprocessing = 0;
		};
		483ACD8B21F6132F00165704 /* Sources */ = {
			isa = PBXSourcesBuildPhase;
			buildActionMask = 2147483647;
			files = (
				483ACD9421F6132F00165704 /* ImagePickerDemoTests.swift in Sources */,
			);
			runOnlyForDeploymentPostprocessing = 0;
		};
		483ACD9621F6132F00165704 /* Sources */ = {
			isa = PBXSourcesBuildPhase;
			buildActionMask = 2147483647;
			files = (
				483ACD9F21F6132F00165704 /* ImagePickerDemoUITests.swift in Sources */,
			);
			runOnlyForDeploymentPostprocessing = 0;
		};
/* End PBXSourcesBuildPhase section */

/* Begin PBXTargetDependency section */
		483ACD9121F6132F00165704 /* PBXTargetDependency */ = {
			isa = PBXTargetDependency;
			target = 483ACD7A21F6132E00165704 /* ImagePickerDemo */;
			targetProxy = 483ACD9021F6132F00165704 /* PBXContainerItemProxy */;
		};
		483ACD9C21F6132F00165704 /* PBXTargetDependency */ = {
			isa = PBXTargetDependency;
			target = 483ACD7A21F6132E00165704 /* ImagePickerDemo */;
			targetProxy = 483ACD9B21F6132F00165704 /* PBXContainerItemProxy */;
		};
/* End PBXTargetDependency section */

/* Begin PBXVariantGroup section */
		483ACD8221F6132E00165704 /* Main.storyboard */ = {
			isa = PBXVariantGroup;
			children = (
				483ACD8321F6132E00165704 /* Base */,
			);
			name = Main.storyboard;
			sourceTree = "<group>";
		};
		483ACD8721F6132F00165704 /* LaunchScreen.storyboard */ = {
			isa = PBXVariantGroup;
			children = (
				483ACD8821F6132F00165704 /* Base */,
			);
			name = LaunchScreen.storyboard;
			sourceTree = "<group>";
		};
/* End PBXVariantGroup section */

/* Begin XCBuildConfiguration section */
		483ACDA121F6132F00165704 /* Debug */ = {
			isa = XCBuildConfiguration;
			buildSettings = {
				ALWAYS_SEARCH_USER_PATHS = NO;
				CLANG_ANALYZER_NONNULL = YES;
				CLANG_ANALYZER_NUMBER_OBJECT_CONVERSION = YES_AGGRESSIVE;
				CLANG_CXX_LANGUAGE_STANDARD = "gnu++14";
				CLANG_CXX_LIBRARY = "libc++";
				CLANG_ENABLE_MODULES = YES;
				CLANG_ENABLE_OBJC_ARC = YES;
				CLANG_ENABLE_OBJC_WEAK = YES;
				CLANG_WARN_BLOCK_CAPTURE_AUTORELEASING = YES;
				CLANG_WARN_BOOL_CONVERSION = YES;
				CLANG_WARN_COMMA = YES;
				CLANG_WARN_CONSTANT_CONVERSION = YES;
				CLANG_WARN_DEPRECATED_OBJC_IMPLEMENTATIONS = YES;
				CLANG_WARN_DIRECT_OBJC_ISA_USAGE = YES_ERROR;
				CLANG_WARN_DOCUMENTATION_COMMENTS = YES;
				CLANG_WARN_EMPTY_BODY = YES;
				CLANG_WARN_ENUM_CONVERSION = YES;
				CLANG_WARN_INFINITE_RECURSION = YES;
				CLANG_WARN_INT_CONVERSION = YES;
				CLANG_WARN_NON_LITERAL_NULL_CONVERSION = YES;
				CLANG_WARN_OBJC_IMPLICIT_RETAIN_SELF = YES;
				CLANG_WARN_OBJC_LITERAL_CONVERSION = YES;
				CLANG_WARN_OBJC_ROOT_CLASS = YES_ERROR;
				CLANG_WARN_RANGE_LOOP_ANALYSIS = YES;
				CLANG_WARN_STRICT_PROTOTYPES = YES;
				CLANG_WARN_SUSPICIOUS_MOVE = YES;
				CLANG_WARN_UNGUARDED_AVAILABILITY = YES_AGGRESSIVE;
				CLANG_WARN_UNREACHABLE_CODE = YES;
				CLANG_WARN__DUPLICATE_METHOD_MATCH = YES;
				CODE_SIGN_IDENTITY = "iPhone Developer";
				COPY_PHASE_STRIP = NO;
				DEBUG_INFORMATION_FORMAT = dwarf;
				ENABLE_STRICT_OBJC_MSGSEND = YES;
				ENABLE_TESTABILITY = YES;
				GCC_C_LANGUAGE_STANDARD = gnu11;
				GCC_DYNAMIC_NO_PIC = NO;
				GCC_NO_COMMON_BLOCKS = YES;
				GCC_OPTIMIZATION_LEVEL = 0;
				GCC_PREPROCESSOR_DEFINITIONS = (
					"DEBUG=1",
					"$(inherited)",
				);
				GCC_WARN_64_TO_32_BIT_CONVERSION = YES;
				GCC_WARN_ABOUT_RETURN_TYPE = YES_ERROR;
				GCC_WARN_UNDECLARED_SELECTOR = YES;
				GCC_WARN_UNINITIALIZED_AUTOS = YES_AGGRESSIVE;
				GCC_WARN_UNUSED_FUNCTION = YES;
				GCC_WARN_UNUSED_VARIABLE = YES;
				IPHONEOS_DEPLOYMENT_TARGET = 12.1;
				MTL_ENABLE_DEBUG_INFO = INCLUDE_SOURCE;
				MTL_FAST_MATH = YES;
				ONLY_ACTIVE_ARCH = YES;
				SDKROOT = iphoneos;
				SWIFT_ACTIVE_COMPILATION_CONDITIONS = DEBUG;
				SWIFT_OPTIMIZATION_LEVEL = "-Onone";
			};
			name = Debug;
		};
		483ACDA221F6132F00165704 /* Release */ = {
			isa = XCBuildConfiguration;
			buildSettings = {
				ALWAYS_SEARCH_USER_PATHS = NO;
				CLANG_ANALYZER_NONNULL = YES;
				CLANG_ANALYZER_NUMBER_OBJECT_CONVERSION = YES_AGGRESSIVE;
				CLANG_CXX_LANGUAGE_STANDARD = "gnu++14";
				CLANG_CXX_LIBRARY = "libc++";
				CLANG_ENABLE_MODULES = YES;
				CLANG_ENABLE_OBJC_ARC = YES;
				CLANG_ENABLE_OBJC_WEAK = YES;
				CLANG_WARN_BLOCK_CAPTURE_AUTORELEASING = YES;
				CLANG_WARN_BOOL_CONVERSION = YES;
				CLANG_WARN_COMMA = YES;
				CLANG_WARN_CONSTANT_CONVERSION = YES;
				CLANG_WARN_DEPRECATED_OBJC_IMPLEMENTATIONS = YES;
				CLANG_WARN_DIRECT_OBJC_ISA_USAGE = YES_ERROR;
				CLANG_WARN_DOCUMENTATION_COMMENTS = YES;
				CLANG_WARN_EMPTY_BODY = YES;
				CLANG_WARN_ENUM_CONVERSION = YES;
				CLANG_WARN_INFINITE_RECURSION = YES;
				CLANG_WARN_INT_CONVERSION = YES;
				CLANG_WARN_NON_LITERAL_NULL_CONVERSION = YES;
				CLANG_WARN_OBJC_IMPLICIT_RETAIN_SELF = YES;
				CLANG_WARN_OBJC_LITERAL_CONVERSION = YES;
				CLANG_WARN_OBJC_ROOT_CLASS = YES_ERROR;
				CLANG_WARN_RANGE_LOOP_ANALYSIS = YES;
				CLANG_WARN_STRICT_PROTOTYPES = YES;
				CLANG_WARN_SUSPICIOUS_MOVE = YES;
				CLANG_WARN_UNGUARDED_AVAILABILITY = YES_AGGRESSIVE;
				CLANG_WARN_UNREACHABLE_CODE = YES;
				CLANG_WARN__DUPLICATE_METHOD_MATCH = YES;
				CODE_SIGN_IDENTITY = "iPhone Developer";
				COPY_PHASE_STRIP = NO;
				DEBUG_INFORMATION_FORMAT = "dwarf-with-dsym";
				ENABLE_NS_ASSERTIONS = NO;
				ENABLE_STRICT_OBJC_MSGSEND = YES;
				GCC_C_LANGUAGE_STANDARD = gnu11;
				GCC_NO_COMMON_BLOCKS = YES;
				GCC_WARN_64_TO_32_BIT_CONVERSION = YES;
				GCC_WARN_ABOUT_RETURN_TYPE = YES_ERROR;
				GCC_WARN_UNDECLARED_SELECTOR = YES;
				GCC_WARN_UNINITIALIZED_AUTOS = YES_AGGRESSIVE;
				GCC_WARN_UNUSED_FUNCTION = YES;
				GCC_WARN_UNUSED_VARIABLE = YES;
				IPHONEOS_DEPLOYMENT_TARGET = 12.1;
				MTL_ENABLE_DEBUG_INFO = NO;
				MTL_FAST_MATH = YES;
				SDKROOT = iphoneos;
				SWIFT_COMPILATION_MODE = wholemodule;
				SWIFT_OPTIMIZATION_LEVEL = "-O";
				VALIDATE_PRODUCT = YES;
			};
			name = Release;
		};
		483ACDA421F6132F00165704 /* Debug */ = {
			isa = XCBuildConfiguration;
			buildSettings = {
				ASSETCATALOG_COMPILER_APPICON_NAME = AppIcon;
				CODE_SIGN_STYLE = Automatic;
				DEVELOPMENT_TEAM = 67UX9QM6Z3;
				INFOPLIST_FILE = ImagePickerDemo/Info.plist;
				LD_RUNPATH_SEARCH_PATHS = (
					"$(inherited)",
					"@executable_path/Frameworks",
				);
				PRODUCT_BUNDLE_IDENTIFIER = com.KimsStudio.ImagePickerDemo;
				PRODUCT_NAME = "$(TARGET_NAME)";
				SWIFT_VERSION = 4.2;
				TARGETED_DEVICE_FAMILY = "1,2";
			};
			name = Debug;
		};
		483ACDA521F6132F00165704 /* Release */ = {
			isa = XCBuildConfiguration;
			buildSettings = {
				ASSETCATALOG_COMPILER_APPICON_NAME = AppIcon;
				CODE_SIGN_STYLE = Automatic;
				DEVELOPMENT_TEAM = 67UX9QM6Z3;
				INFOPLIST_FILE = ImagePickerDemo/Info.plist;
				LD_RUNPATH_SEARCH_PATHS = (
					"$(inherited)",
					"@executable_path/Frameworks",
				);
				PRODUCT_BUNDLE_IDENTIFIER = com.KimsStudio.ImagePickerDemo;
				PRODUCT_NAME = "$(TARGET_NAME)";
				SWIFT_VERSION = 4.2;
				TARGETED_DEVICE_FAMILY = "1,2";
			};
			name = Release;
		};
		483ACDA721F6132F00165704 /* Debug */ = {
			isa = XCBuildConfiguration;
			buildSettings = {
				ALWAYS_EMBED_SWIFT_STANDARD_LIBRARIES = YES;
				BUNDLE_LOADER = "$(TEST_HOST)";
				CODE_SIGN_STYLE = Automatic;
				DEVELOPMENT_TEAM = 67UX9QM6Z3;
				INFOPLIST_FILE = ImagePickerDemoTests/Info.plist;
				LD_RUNPATH_SEARCH_PATHS = (
					"$(inherited)",
					"@executable_path/Frameworks",
					"@loader_path/Frameworks",
				);
				PRODUCT_BUNDLE_IDENTIFIER = com.KimsStudio.ImagePickerDemoTests;
				PRODUCT_NAME = "$(TARGET_NAME)";
				SWIFT_VERSION = 4.2;
				TARGETED_DEVICE_FAMILY = "1,2";
				TEST_HOST = "$(BUILT_PRODUCTS_DIR)/ImagePickerDemo.app/ImagePickerDemo";
			};
			name = Debug;
		};
		483ACDA821F6132F00165704 /* Release */ = {
			isa = XCBuildConfiguration;
			buildSettings = {
				ALWAYS_EMBED_SWIFT_STANDARD_LIBRARIES = YES;
				BUNDLE_LOADER = "$(TEST_HOST)";
				CODE_SIGN_STYLE = Automatic;
				DEVELOPMENT_TEAM = 67UX9QM6Z3;
				INFOPLIST_FILE = ImagePickerDemoTests/Info.plist;
				LD_RUNPATH_SEARCH_PATHS = (
					"$(inherited)",
					"@executable_path/Frameworks",
					"@loader_path/Frameworks",
				);
				PRODUCT_BUNDLE_IDENTIFIER = com.KimsStudio.ImagePickerDemoTests;
				PRODUCT_NAME = "$(TARGET_NAME)";
				SWIFT_VERSION = 4.2;
				TARGETED_DEVICE_FAMILY = "1,2";
				TEST_HOST = "$(BUILT_PRODUCTS_DIR)/ImagePickerDemo.app/ImagePickerDemo";
			};
			name = Release;
		};
		483ACDAA21F6132F00165704 /* Debug */ = {
			isa = XCBuildConfiguration;
			buildSettings = {
				ALWAYS_EMBED_SWIFT_STANDARD_LIBRARIES = YES;
				CODE_SIGN_STYLE = Automatic;
				DEVELOPMENT_TEAM = 67UX9QM6Z3;
				INFOPLIST_FILE = ImagePickerDemoUITests/Info.plist;
				LD_RUNPATH_SEARCH_PATHS = (
					"$(inherited)",
					"@executable_path/Frameworks",
					"@loader_path/Frameworks",
				);
				PRODUCT_BUNDLE_IDENTIFIER = com.KimsStudio.ImagePickerDemoUITests;
				PRODUCT_NAME = "$(TARGET_NAME)";
				SWIFT_VERSION = 4.2;
				TARGETED_DEVICE_FAMILY = "1,2";
				TEST_TARGET_NAME = ImagePickerDemo;
			};
			name = Debug;
		};
		483ACDAB21F6132F00165704 /* Release */ = {
			isa = XCBuildConfiguration;
			buildSettings = {
				ALWAYS_EMBED_SWIFT_STANDARD_LIBRARIES = YES;
				CODE_SIGN_STYLE = Automatic;
				DEVELOPMENT_TEAM = 67UX9QM6Z3;
				INFOPLIST_FILE = ImagePickerDemoUITests/Info.plist;
				LD_RUNPATH_SEARCH_PATHS = (
					"$(inherited)",
					"@executable_path/Frameworks",
					"@loader_path/Frameworks",
				);
				PRODUCT_BUNDLE_IDENTIFIER = com.KimsStudio.ImagePickerDemoUITests;
				PRODUCT_NAME = "$(TARGET_NAME)";
				SWIFT_VERSION = 4.2;
				TARGETED_DEVICE_FAMILY = "1,2";
				TEST_TARGET_NAME = ImagePickerDemo;
			};
			name = Release;
		};
/* End XCBuildConfiguration section */

/* Begin XCConfigurationList section */
		483ACD7621F6132E00165704 /* Build configuration list for PBXProject "ImagePickerDemo" */ = {
			isa = XCConfigurationList;
			buildConfigurations = (
				483ACDA121F6132F00165704 /* Debug */,
				483ACDA221F6132F00165704 /* Release */,
			);
			defaultConfigurationIsVisible = 0;
			defaultConfigurationName = Release;
		};
		483ACDA321F6132F00165704 /* Build configuration list for PBXNativeTarget "ImagePickerDemo" */ = {
			isa = XCConfigurationList;
			buildConfigurations = (
				483ACDA421F6132F00165704 /* Debug */,
				483ACDA521F6132F00165704 /* Release */,
			);
			defaultConfigurationIsVisible = 0;
			defaultConfigurationName = Release;
		};
		483ACDA621F6132F00165704 /* Build configuration list for PBXNativeTarget "ImagePickerDemoTests" */ = {
			isa = XCConfigurationList;
			buildConfigurations = (
				483ACDA721F6132F00165704 /* Debug */,
				483ACDA821F6132F00165704 /* Release */,
			);
			defaultConfigurationIsVisible = 0;
			defaultConfigurationName = Release;
		};
		483ACDA921F6132F00165704 /* Build configuration list for PBXNativeTarget "ImagePickerDemoUITests" */ = {
			isa = XCConfigurationList;
			buildConfigurations = (
				483ACDAA21F6132F00165704 /* Debug */,
				483ACDAB21F6132F00165704 /* Release */,
			);
			defaultConfigurationIsVisible = 0;
			defaultConfigurationName = Release;
		};
/* End XCConfigurationList section */
	};
	rootObject = 483ACD7321F6132E00165704 /* Project object */;
}
